
Microsoft Visual Studio Solution File, Format Version 12.00
# Visual Studio 2013
VisualStudioVersion = 12.0.21005.1
MinimumVisualStudioVersion = 10.0.40219.1
Project("{FAE04EC0-301F-11D3-BF4B-00C04F79EFBC}") = "Domain", "Domain\Domain.csproj", "{9B35FB38-41C8-42AF-A8BC-722DCC8573A8}"
EndProject
Project("{FAE04EC0-301F-11D3-BF4B-00C04F79EFBC}") = "UnitTests", "UnitTests\UnitTests.csproj", "{C46684E2-55D1-47EB-9AD4-414C30F2FEAA}"
EndProject
Project("{FAE04EC0-301F-11D3-BF4B-00C04F79EFBC}") = "WebUI", "WebUI\WebUI.csproj", "{9DF8AB37-E79C-4751-AA6D-FBA8344F5E8C}"
EndProject
Global
	GlobalSection(SolutionConfigurationPlatforms) = preSolution
		Debug|Any CPU = Debug|Any CPU
		Release|Any CPU = Release|Any CPU
	EndGlobalSection
	GlobalSection(ProjectConfigurationPlatforms) = postSolution
		{9B35FB38-41C8-42AF-A8BC-722DCC8573A8}.Debug|Any CPU.ActiveCfg = Debug|Any CPU
		{9B35FB38-41C8-42AF-A8BC-722DCC8573A8}.Debug|Any CPU.Build.0 = Debug|Any CPU
		{9B35FB38-41C8-42AF-A8BC-722DCC8573A8}.Release|Any CPU.ActiveCfg = Release|Any CPU
		{9B35FB38-41C8-42AF-A8BC-722DCC8573A8}.Release|Any CPU.Build.0 = Release|Any CPU
		{C46684E2-55D1-47EB-9AD4-414C30F2FEAA}.Debug|Any CPU.ActiveCfg = Debug|Any CPU
		{C46684E2-55D1-47EB-9AD4-414C30F2FEAA}.Debug|Any CPU.Build.0 = Debug|Any CPU
		{C46684E2-55D1-47EB-9AD4-414C30F2FEAA}.Release|Any CPU.ActiveCfg = Release|Any CPU
		{C46684E2-55D1-47EB-9AD4-414C30F2FEAA}.Release|Any CPU.Build.0 = Release|Any CPU
		{9DF8AB37-E79C-4751-AA6D-FBA8344F5E8C}.Debug|Any CPU.ActiveCfg = Debug|Any CPU
		{9DF8AB37-E79C-4751-AA6D-FBA8344F5E8C}.Debug|Any CPU.Build.0 = Debug|Any CPU
		{9DF8AB37-E79C-4751-AA6D-FBA8344F5E8C}.Release|Any CPU.ActiveCfg = Release|Any CPU
		{9DF8AB37-E79C-4751-AA6D-FBA8344F5E8C}.Release|Any CPU.Build.0 = Release|Any CPU
	EndGlobalSection
	GlobalSection(SolutionProperties) = preSolution
		HideSolutionNode = FALSE
	EndGlobalSection
EndGlobal
